
Microsoft Visual Studio Solution File, Format Version 12.00
# Visual Studio Version 17
VisualStudioVersion = 17.0.31903.59
MinimumVisualStudioVersion = 10.0.40219.1
Project("{FAE04EC0-301F-11D3-BF4B-00C04F79EFBC}") = "CodeAnalysis.Extensions", "src\CodeAnalysis.Extensions\CodeAnalysis.Extensions.csproj", "{B6C02DFB-D60E-4199-B880-F4CB6037B428}"
EndProject
Project("{FAE04EC0-301F-11D3-BF4B-00C04F79EFBC}") = "CodeAnalysis.SourceBuilder", "src\CodeAnalysis.SourceBuilder\CodeAnalysis.SourceBuilder.csproj", "{AFF0B5A4-3339-4CA8-B875-0D66CB784005}"
EndProject
Global
	GlobalSection(SolutionConfigurationPlatforms) = preSolution
		Debug|Any CPU = Debug|Any CPU
		Release|Any CPU = Release|Any CPU
	EndGlobalSection
	GlobalSection(ProjectConfigurationPlatforms) = postSolution
		{B6C02DFB-D60E-4199-B880-F4CB6037B428}.Debug|Any CPU.ActiveCfg = Debug|Any CPU
		{B6C02DFB-D60E-4199-B880-F4CB6037B428}.Debug|Any CPU.Build.0 = Debug|Any CPU
		{B6C02DFB-D60E-4199-B880-F4CB6037B428}.Release|Any CPU.ActiveCfg = Release|Any CPU
		{B6C02DFB-D60E-4199-B880-F4CB6037B428}.Release|Any CPU.Build.0 = Release|Any CPU
		{AFF0B5A4-3339-4CA8-B875-0D66CB784005}.Debug|Any CPU.ActiveCfg = Debug|Any CPU
		{AFF0B5A4-3339-4CA8-B875-0D66CB784005}.Debug|Any CPU.Build.0 = Debug|Any CPU
		{AFF0B5A4-3339-4CA8-B875-0D66CB784005}.Release|Any CPU.ActiveCfg = Release|Any CPU
		{AFF0B5A4-3339-4CA8-B875-0D66CB784005}.Release|Any CPU.Build.0 = Release|Any CPU
	EndGlobalSection
	GlobalSection(SolutionProperties) = preSolution
		HideSolutionNode = FALSE
	EndGlobalSection
EndGlobal
